// !$*UTF8*$!
{
	archiveVersion = 1;
	classes = {
	};
	objectVersion = 46;
	objects = {

/* Begin PBXBuildFile section */
		154D3D2419D47F88002ECE8B /* BPMediaLibrary.m in Sources */ = {isa = PBXBuildFile; fileRef = 154D3D2319D47F88002ECE8B /* BPMediaLibrary.m */; };
		154D3D2619D481EB002ECE8B /* MenuStructure.plist in Resources */ = {isa = PBXBuildFile; fileRef = 154D3D2519D481EB002ECE8B /* MenuStructure.plist */; };
		154D3D2B19D483AB002ECE8B /* MenuStructure.storyboard in Resources */ = {isa = PBXBuildFile; fileRef = 154D3D2A19D483AB002ECE8B /* MenuStructure.storyboard */; };
		15B872D419D30BBD00EA408D /* main.m in Sources */ = {isa = PBXBuildFile; fileRef = 15B872D319D30BBD00EA408D /* main.m */; };
		15B872D719D30BBD00EA408D /* BPAppDelegate.m in Sources */ = {isa = PBXBuildFile; fileRef = 15B872D619D30BBD00EA408D /* BPAppDelegate.m */; };
		15B872DA19D30BBD00EA408D /* BPMainViewController.m in Sources */ = {isa = PBXBuildFile; fileRef = 15B872D919D30BBD00EA408D /* BPMainViewController.m */; };
		15B872DD19D30BBD00EA408D /* Main.storyboard in Resources */ = {isa = PBXBuildFile; fileRef = 15B872DB19D30BBD00EA408D /* Main.storyboard */; };
		15B872DF19D30BBD00EA408D /* Images.xcassets in Resources */ = {isa = PBXBuildFile; fileRef = 15B872DE19D30BBD00EA408D /* Images.xcassets */; };
		15B872E219D30BBD00EA408D /* LaunchScreen.xib in Resources */ = {isa = PBXBuildFile; fileRef = 15B872E019D30BBD00EA408D /* LaunchScreen.xib */; };
		15B872EE19D30BBD00EA408D /* TapWheelTests.m in Sources */ = {isa = PBXBuildFile; fileRef = 15B872ED19D30BBD00EA408D /* TapWheelTests.m */; };
		15B872F919D3190C00EA408D /* BPClickWheelView.m in Sources */ = {isa = PBXBuildFile; fileRef = 15B872F819D3190C00EA408D /* BPClickWheelView.m */; };
		15B872FD19D334C800EA408D /* BPListViewController.m in Sources */ = {isa = PBXBuildFile; fileRef = 15B872FC19D334C800EA408D /* BPListViewController.m */; };
		15B8730019D335B000EA408D /* BPiPodTableViewCell.m in Sources */ = {isa = PBXBuildFile; fileRef = 15B872FF19D335B000EA408D /* BPiPodTableViewCell.m */; };
		15B8730319D335C700EA408D /* BPTitleTableViewCell.m in Sources */ = {isa = PBXBuildFile; fileRef = 15B8730219D335C700EA408D /* BPTitleTableViewCell.m */; };
		15D5095B19D3DB67006056CE /* BPGradientView.m in Sources */ = {isa = PBXBuildFile; fileRef = 15D5095A19D3DB67006056CE /* BPGradientView.m */; };
		15F2883319D73288003FE877 /* BPPlayingViewController.m in Sources */ = {isa = PBXBuildFile; fileRef = 15F2883219D73288003FE877 /* BPPlayingViewController.m */; };
		15F2883619D733CA003FE877 /* BPMediaPlayer.m in Sources */ = {isa = PBXBuildFile; fileRef = 15F2883519D733CA003FE877 /* BPMediaPlayer.m */; };
		15F2883A19D7448D003FE877 /* BPTitleView.m in Sources */ = {isa = PBXBuildFile; fileRef = 15F2883919D7448D003FE877 /* BPTitleView.m */; };
		15F2883D19D75F36003FE877 /* BPProgressView.m in Sources */ = {isa = PBXBuildFile; fileRef = 15F2883C19D75F36003FE877 /* BPProgressView.m */; };
/* End PBXBuildFile section */

/* Begin PBXContainerItemProxy section */
		15B872E819D30BBD00EA408D /* PBXContainerItemProxy */ = {
			isa = PBXContainerItemProxy;
			containerPortal = 15B872C619D30BBD00EA408D /* Project object */;
			proxyType = 1;
			remoteGlobalIDString = 15B872CD19D30BBD00EA408D;
			remoteInfo = TapWheel;
		};
/* End PBXContainerItemProxy section */

/* Begin PBXFileReference section */
		154D3D2219D47F88002ECE8B /* BPMediaLibrary.h */ = {isa = PBXFileReference; fileEncoding = 4; lastKnownFileType = sourcecode.c.h; path = BPMediaLibrary.h; sourceTree = "<group>"; };
		154D3D2319D47F88002ECE8B /* BPMediaLibrary.m */ = {isa = PBXFileReference; fileEncoding = 4; lastKnownFileType = sourcecode.c.objc; path = BPMediaLibrary.m; sourceTree = "<group>"; };
		154D3D2519D481EB002ECE8B /* MenuStructure.plist */ = {isa = PBXFileReference; fileEncoding = 4; lastKnownFileType = text.plist.xml; path = MenuStructure.plist; sourceTree = "<group>"; };
		154D3D2A19D483AB002ECE8B /* MenuStructure.storyboard */ = {isa = PBXFileReference; fileEncoding = 4; lastKnownFileType = file.storyboard; path = MenuStructure.storyboard; sourceTree = "<group>"; };
		15B872CE19D30BBD00EA408D /* TapWheel.app */ = {isa = PBXFileReference; explicitFileType = wrapper.application; includeInIndex = 0; path = TapWheel.app; sourceTree = BUILT_PRODUCTS_DIR; };
		15B872D219D30BBD00EA408D /* Info.plist */ = {isa = PBXFileReference; lastKnownFileType = text.plist.xml; path = Info.plist; sourceTree = "<group>"; };
		15B872D319D30BBD00EA408D /* main.m */ = {isa = PBXFileReference; lastKnownFileType = sourcecode.c.objc; path = main.m; sourceTree = "<group>"; };
		15B872D519D30BBD00EA408D /* BPAppDelegate.h */ = {isa = PBXFileReference; lastKnownFileType = sourcecode.c.h; path = BPAppDelegate.h; sourceTree = "<group>"; };
		15B872D619D30BBD00EA408D /* BPAppDelegate.m */ = {isa = PBXFileReference; lastKnownFileType = sourcecode.c.objc; path = BPAppDelegate.m; sourceTree = "<group>"; };
		15B872D819D30BBD00EA408D /* BPMainViewController.h */ = {isa = PBXFileReference; lastKnownFileType = sourcecode.c.h; path = BPMainViewController.h; sourceTree = "<group>"; };
		15B872D919D30BBD00EA408D /* BPMainViewController.m */ = {isa = PBXFileReference; lastKnownFileType = sourcecode.c.objc; path = BPMainViewController.m; sourceTree = "<group>"; };
		15B872DC19D30BBD00EA408D /* Base */ = {isa = PBXFileReference; lastKnownFileType = file.storyboard; name = Base; path = Base.lproj/Main.storyboard; sourceTree = "<group>"; };
		15B872DE19D30BBD00EA408D /* Images.xcassets */ = {isa = PBXFileReference; lastKnownFileType = folder.assetcatalog; path = Images.xcassets; sourceTree = "<group>"; };
		15B872E119D30BBD00EA408D /* Base */ = {isa = PBXFileReference; lastKnownFileType = file.xib; name = Base; path = Base.lproj/LaunchScreen.xib; sourceTree = "<group>"; };
		15B872E719D30BBD00EA408D /* TapWheelTests.xctest */ = {isa = PBXFileReference; explicitFileType = wrapper.cfbundle; includeInIndex = 0; path = TapWheelTests.xctest; sourceTree = BUILT_PRODUCTS_DIR; };
		15B872EC19D30BBD00EA408D /* Info.plist */ = {isa = PBXFileReference; lastKnownFileType = text.plist.xml; path = Info.plist; sourceTree = "<group>"; };
		15B872ED19D30BBD00EA408D /* TapWheelTests.m */ = {isa = PBXFileReference; lastKnownFileType = sourcecode.c.objc; path = TapWheelTests.m; sourceTree = "<group>"; };
		15B872F719D3190C00EA408D /* BPClickWheelView.h */ = {isa = PBXFileReference; fileEncoding = 4; lastKnownFileType = sourcecode.c.h; name = BPClickWheelView.h; path = Views/BPClickWheelView.h; sourceTree = "<group>"; };
		15B872F819D3190C00EA408D /* BPClickWheelView.m */ = {isa = PBXFileReference; fileEncoding = 4; lastKnownFileType = sourcecode.c.objc; name = BPClickWheelView.m; path = Views/BPClickWheelView.m; sourceTree = "<group>"; };
		15B872FB19D334C800EA408D /* BPListViewController.h */ = {isa = PBXFileReference; fileEncoding = 4; lastKnownFileType = sourcecode.c.h; path = BPListViewController.h; sourceTree = "<group>"; };
		15B872FC19D334C800EA408D /* BPListViewController.m */ = {isa = PBXFileReference; fileEncoding = 4; lastKnownFileType = sourcecode.c.objc; path = BPListViewController.m; sourceTree = "<group>"; };
		15B872FE19D335B000EA408D /* BPiPodTableViewCell.h */ = {isa = PBXFileReference; fileEncoding = 4; lastKnownFileType = sourcecode.c.h; name = BPiPodTableViewCell.h; path = Views/BPiPodTableViewCell.h; sourceTree = "<group>"; };
		15B872FF19D335B000EA408D /* BPiPodTableViewCell.m */ = {isa = PBXFileReference; fileEncoding = 4; lastKnownFileType = sourcecode.c.objc; name = BPiPodTableViewCell.m; path = Views/BPiPodTableViewCell.m; sourceTree = "<group>"; };
		15B8730119D335C700EA408D /* BPTitleTableViewCell.h */ = {isa = PBXFileReference; fileEncoding = 4; lastKnownFileType = sourcecode.c.h; name = BPTitleTableViewCell.h; path = Views/BPTitleTableViewCell.h; sourceTree = "<group>"; };
		15B8730219D335C700EA408D /* BPTitleTableViewCell.m */ = {isa = PBXFileReference; fileEncoding = 4; lastKnownFileType = sourcecode.c.objc; name = BPTitleTableViewCell.m; path = Views/BPTitleTableViewCell.m; sourceTree = "<group>"; };
		15D5095919D3DB67006056CE /* BPGradientView.h */ = {isa = PBXFileReference; fileEncoding = 4; lastKnownFileType = sourcecode.c.h; name = BPGradientView.h; path = Views/BPGradientView.h; sourceTree = "<group>"; };
		15D5095A19D3DB67006056CE /* BPGradientView.m */ = {isa = PBXFileReference; fileEncoding = 4; lastKnownFileType = sourcecode.c.objc; name = BPGradientView.m; path = Views/BPGradientView.m; sourceTree = "<group>"; };
		15F2883119D73288003FE877 /* BPPlayingViewController.h */ = {isa = PBXFileReference; fileEncoding = 4; lastKnownFileType = sourcecode.c.h; path = BPPlayingViewController.h; sourceTree = "<group>"; };
		15F2883219D73288003FE877 /* BPPlayingViewController.m */ = {isa = PBXFileReference; fileEncoding = 4; lastKnownFileType = sourcecode.c.objc; path = BPPlayingViewController.m; sourceTree = "<group>"; };
		15F2883419D733CA003FE877 /* BPMediaPlayer.h */ = {isa = PBXFileReference; fileEncoding = 4; lastKnownFileType = sourcecode.c.h; path = BPMediaPlayer.h; sourceTree = "<group>"; };
		15F2883519D733CA003FE877 /* BPMediaPlayer.m */ = {isa = PBXFileReference; fileEncoding = 4; lastKnownFileType = sourcecode.c.objc; path = BPMediaPlayer.m; sourceTree = "<group>"; };
		15F2883719D73ED5003FE877 /* BPProtocols.h */ = {isa = PBXFileReference; fileEncoding = 4; lastKnownFileType = sourcecode.c.h; path = BPProtocols.h; sourceTree = "<group>"; };
		15F2883819D7448D003FE877 /* BPTitleView.h */ = {isa = PBXFileReference; fileEncoding = 4; lastKnownFileType = sourcecode.c.h; name = BPTitleView.h; path = Views/BPTitleView.h; sourceTree = "<group>"; };
		15F2883919D7448D003FE877 /* BPTitleView.m */ = {isa = PBXFileReference; fileEncoding = 4; lastKnownFileType = sourcecode.c.objc; name = BPTitleView.m; path = Views/BPTitleView.m; sourceTree = "<group>"; };
		15F2883B19D75F36003FE877 /* BPProgressView.h */ = {isa = PBXFileReference; fileEncoding = 4; lastKnownFileType = sourcecode.c.h; name = BPProgressView.h; path = Views/BPProgressView.h; sourceTree = "<group>"; };
		15F2883C19D75F36003FE877 /* BPProgressView.m */ = {isa = PBXFileReference; fileEncoding = 4; lastKnownFileType = sourcecode.c.objc; name = BPProgressView.m; path = Views/BPProgressView.m; sourceTree = "<group>"; };
/* End PBXFileReference section */

/* Begin PBXFrameworksBuildPhase section */
		15B872CB19D30BBD00EA408D /* Frameworks */ = {
			isa = PBXFrameworksBuildPhase;
			buildActionMask = 2147483647;
			files = (
			);
			runOnlyForDeploymentPostprocessing = 0;
		};
		15B872E419D30BBD00EA408D /* Frameworks */ = {
			isa = PBXFrameworksBuildPhase;
			buildActionMask = 2147483647;
			files = (
			);
			runOnlyForDeploymentPostprocessing = 0;
		};
/* End PBXFrameworksBuildPhase section */

/* Begin PBXGroup section */
		15B872C519D30BBD00EA408D = {
			isa = PBXGroup;
			children = (
				15B872D019D30BBD00EA408D /* TapWheel */,
				15B872EA19D30BBD00EA408D /* TapWheelTests */,
				15B872CF19D30BBD00EA408D /* Products */,
			);
			sourceTree = "<group>";
		};
		15B872CF19D30BBD00EA408D /* Products */ = {
			isa = PBXGroup;
			children = (
				15B872CE19D30BBD00EA408D /* TapWheel.app */,
				15B872E719D30BBD00EA408D /* TapWheelTests.xctest */,
			);
			name = Products;
			sourceTree = "<group>";
		};
		15B872D019D30BBD00EA408D /* TapWheel */ = {
			isa = PBXGroup;
			children = (
				15B872FA19D3191000EA408D /* Views */,
				15B872D519D30BBD00EA408D /* BPAppDelegate.h */,
				15B872D619D30BBD00EA408D /* BPAppDelegate.m */,
				15B872D819D30BBD00EA408D /* BPMainViewController.h */,
				15B872D919D30BBD00EA408D /* BPMainViewController.m */,
				15F2883719D73ED5003FE877 /* BPProtocols.h */,
				15B872FB19D334C800EA408D /* BPListViewController.h */,
				15B872FC19D334C800EA408D /* BPListViewController.m */,
				15F2883119D73288003FE877 /* BPPlayingViewController.h */,
				15F2883219D73288003FE877 /* BPPlayingViewController.m */,
				154D3D2219D47F88002ECE8B /* BPMediaLibrary.h */,
				154D3D2319D47F88002ECE8B /* BPMediaLibrary.m */,
				15F2883419D733CA003FE877 /* BPMediaPlayer.h */,
				15F2883519D733CA003FE877 /* BPMediaPlayer.m */,
				15B872DB19D30BBD00EA408D /* Main.storyboard */,
				154D3D2A19D483AB002ECE8B /* MenuStructure.storyboard */,
				15B872DE19D30BBD00EA408D /* Images.xcassets */,
				15B872E019D30BBD00EA408D /* LaunchScreen.xib */,
				15B872D119D30BBD00EA408D /* Supporting Files */,
			);
			path = TapWheel;
			sourceTree = "<group>";
		};
		15B872D119D30BBD00EA408D /* Supporting Files */ = {
			isa = PBXGroup;
			children = (
				15B872D219D30BBD00EA408D /* Info.plist */,
				15B872D319D30BBD00EA408D /* main.m */,
				154D3D2519D481EB002ECE8B /* MenuStructure.plist */,
			);
			name = "Supporting Files";
			sourceTree = "<group>";
		};
		15B872EA19D30BBD00EA408D /* TapWheelTests */ = {
			isa = PBXGroup;
			children = (
				15B872ED19D30BBD00EA408D /* TapWheelTests.m */,
				15B872EB19D30BBD00EA408D /* Supporting Files */,
			);
			path = TapWheelTests;
			sourceTree = "<group>";
		};
		15B872EB19D30BBD00EA408D /* Supporting Files */ = {
			isa = PBXGroup;
			children = (
				15B872EC19D30BBD00EA408D /* Info.plist */,
			);
			name = "Supporting Files";
			sourceTree = "<group>";
		};
		15B872FA19D3191000EA408D /* Views */ = {
			isa = PBXGroup;
			children = (
				15B872F719D3190C00EA408D /* BPClickWheelView.h */,
				15B872F819D3190C00EA408D /* BPClickWheelView.m */,
				15B872FE19D335B000EA408D /* BPiPodTableViewCell.h */,
				15B872FF19D335B000EA408D /* BPiPodTableViewCell.m */,
				15B8730119D335C700EA408D /* BPTitleTableViewCell.h */,
				15B8730219D335C700EA408D /* BPTitleTableViewCell.m */,
				15D5095919D3DB67006056CE /* BPGradientView.h */,
				15D5095A19D3DB67006056CE /* BPGradientView.m */,
				15F2883819D7448D003FE877 /* BPTitleView.h */,
				15F2883919D7448D003FE877 /* BPTitleView.m */,
				15F2883B19D75F36003FE877 /* BPProgressView.h */,
				15F2883C19D75F36003FE877 /* BPProgressView.m */,
			);
			name = Views;
			sourceTree = "<group>";
		};
/* End PBXGroup section */

/* Begin PBXNativeTarget section */
		15B872CD19D30BBD00EA408D /* TapWheel */ = {
			isa = PBXNativeTarget;
			buildConfigurationList = 15B872F119D30BBD00EA408D /* Build configuration list for PBXNativeTarget "TapWheel" */;
			buildPhases = (
				15B872CA19D30BBD00EA408D /* Sources */,
				15B872CB19D30BBD00EA408D /* Frameworks */,
				15B872CC19D30BBD00EA408D /* Resources */,
			);
			buildRules = (
			);
			dependencies = (
			);
			name = TapWheel;
			productName = TapWheel;
			productReference = 15B872CE19D30BBD00EA408D /* TapWheel.app */;
			productType = "com.apple.product-type.application";
		};
		15B872E619D30BBD00EA408D /* TapWheelTests */ = {
			isa = PBXNativeTarget;
			buildConfigurationList = 15B872F419D30BBD00EA408D /* Build configuration list for PBXNativeTarget "TapWheelTests" */;
			buildPhases = (
				15B872E319D30BBD00EA408D /* Sources */,
				15B872E419D30BBD00EA408D /* Frameworks */,
				15B872E519D30BBD00EA408D /* Resources */,
			);
			buildRules = (
			);
			dependencies = (
				15B872E919D30BBD00EA408D /* PBXTargetDependency */,
			);
			name = TapWheelTests;
			productName = TapWheelTests;
			productReference = 15B872E719D30BBD00EA408D /* TapWheelTests.xctest */;
			productType = "com.apple.product-type.bundle.unit-test";
		};
/* End PBXNativeTarget section */

/* Begin PBXProject section */
		15B872C619D30BBD00EA408D /* Project object */ = {
			isa = PBXProject;
			attributes = {
				LastUpgradeCheck = 0600;
				ORGANIZATIONNAME = "Bruno Philipe";
				TargetAttributes = {
					15B872CD19D30BBD00EA408D = {
						CreatedOnToolsVersion = 6.0.1;
					};
					15B872E619D30BBD00EA408D = {
						CreatedOnToolsVersion = 6.0.1;
						TestTargetID = 15B872CD19D30BBD00EA408D;
					};
				};
			};
			buildConfigurationList = 15B872C919D30BBD00EA408D /* Build configuration list for PBXProject "TapWheel" */;
			compatibilityVersion = "Xcode 3.2";
			developmentRegion = English;
			hasScannedForEncodings = 0;
			knownRegions = (
				en,
				Base,
			);
			mainGroup = 15B872C519D30BBD00EA408D;
			productRefGroup = 15B872CF19D30BBD00EA408D /* Products */;
			projectDirPath = "";
			projectRoot = "";
			targets = (
				15B872CD19D30BBD00EA408D /* TapWheel */,
				15B872E619D30BBD00EA408D /* TapWheelTests */,
			);
		};
/* End PBXProject section */

/* Begin PBXResourcesBuildPhase section */
		15B872CC19D30BBD00EA408D /* Resources */ = {
			isa = PBXResourcesBuildPhase;
			buildActionMask = 2147483647;
			files = (
				15B872DD19D30BBD00EA408D /* Main.storyboard in Resources */,
				15B872E219D30BBD00EA408D /* LaunchScreen.xib in Resources */,
				15B872DF19D30BBD00EA408D /* Images.xcassets in Resources */,
				154D3D2619D481EB002ECE8B /* MenuStructure.plist in Resources */,
				154D3D2B19D483AB002ECE8B /* MenuStructure.storyboard in Resources */,
			);
			runOnlyForDeploymentPostprocessing = 0;
		};
		15B872E519D30BBD00EA408D /* Resources */ = {
			isa = PBXResourcesBuildPhase;
			buildActionMask = 2147483647;
			files = (
			);
			runOnlyForDeploymentPostprocessing = 0;
		};
/* End PBXResourcesBuildPhase section */

/* Begin PBXSourcesBuildPhase section */
		15B872CA19D30BBD00EA408D /* Sources */ = {
			isa = PBXSourcesBuildPhase;
			buildActionMask = 2147483647;
			files = (
				15F2883619D733CA003FE877 /* BPMediaPlayer.m in Sources */,
				15B872DA19D30BBD00EA408D /* BPMainViewController.m in Sources */,
				15F2883319D73288003FE877 /* BPPlayingViewController.m in Sources */,
				15B872F919D3190C00EA408D /* BPClickWheelView.m in Sources */,
				154D3D2419D47F88002ECE8B /* BPMediaLibrary.m in Sources */,
				15B872D719D30BBD00EA408D /* BPAppDelegate.m in Sources */,
				15B8730019D335B000EA408D /* BPiPodTableViewCell.m in Sources */,
				15F2883D19D75F36003FE877 /* BPProgressView.m in Sources */,
				15B872FD19D334C800EA408D /* BPListViewController.m in Sources */,
				15B8730319D335C700EA408D /* BPTitleTableViewCell.m in Sources */,
				15D5095B19D3DB67006056CE /* BPGradientView.m in Sources */,
				15B872D419D30BBD00EA408D /* main.m in Sources */,
				15F2883A19D7448D003FE877 /* BPTitleView.m in Sources */,
			);
			runOnlyForDeploymentPostprocessing = 0;
		};
		15B872E319D30BBD00EA408D /* Sources */ = {
			isa = PBXSourcesBuildPhase;
			buildActionMask = 2147483647;
			files = (
				15B872EE19D30BBD00EA408D /* TapWheelTests.m in Sources */,
			);
			runOnlyForDeploymentPostprocessing = 0;
		};
/* End PBXSourcesBuildPhase section */

/* Begin PBXTargetDependency section */
		15B872E919D30BBD00EA408D /* PBXTargetDependency */ = {
			isa = PBXTargetDependency;
			target = 15B872CD19D30BBD00EA408D /* TapWheel */;
			targetProxy = 15B872E819D30BBD00EA408D /* PBXContainerItemProxy */;
		};
/* End PBXTargetDependency section */

/* Begin PBXVariantGroup section */
		15B872DB19D30BBD00EA408D /* Main.storyboard */ = {
			isa = PBXVariantGroup;
			children = (
				15B872DC19D30BBD00EA408D /* Base */,
			);
			name = Main.storyboard;
			sourceTree = "<group>";
		};
		15B872E019D30BBD00EA408D /* LaunchScreen.xib */ = {
			isa = PBXVariantGroup;
			children = (
				15B872E119D30BBD00EA408D /* Base */,
			);
			name = LaunchScreen.xib;
			sourceTree = "<group>";
		};
/* End PBXVariantGroup section */

/* Begin XCBuildConfiguration section */
		15B872EF19D30BBD00EA408D /* Debug */ = {
			isa = XCBuildConfiguration;
			buildSettings = {
				ALWAYS_SEARCH_USER_PATHS = NO;
				CLANG_CXX_LANGUAGE_STANDARD = "gnu++0x";
				CLANG_CXX_LIBRARY = "libc++";
				CLANG_ENABLE_MODULES = YES;
				CLANG_ENABLE_OBJC_ARC = YES;
				CLANG_WARN_BOOL_CONVERSION = YES;
				CLANG_WARN_CONSTANT_CONVERSION = YES;
				CLANG_WARN_DIRECT_OBJC_ISA_USAGE = YES_ERROR;
				CLANG_WARN_EMPTY_BODY = YES;
				CLANG_WARN_ENUM_CONVERSION = YES;
				CLANG_WARN_INT_CONVERSION = YES;
				CLANG_WARN_OBJC_ROOT_CLASS = YES_ERROR;
				CLANG_WARN_UNREACHABLE_CODE = YES;
				CLANG_WARN__DUPLICATE_METHOD_MATCH = YES;
				"CODE_SIGN_IDENTITY[sdk=iphoneos*]" = "iPhone Developer";
				COPY_PHASE_STRIP = NO;
				ENABLE_STRICT_OBJC_MSGSEND = YES;
				GCC_C_LANGUAGE_STANDARD = gnu99;
				GCC_DYNAMIC_NO_PIC = NO;
				GCC_OPTIMIZATION_LEVEL = 0;
				GCC_PREPROCESSOR_DEFINITIONS = (
					"DEBUG=1",
					"$(inherited)",
				);
				GCC_SYMBOLS_PRIVATE_EXTERN = NO;
				GCC_WARN_64_TO_32_BIT_CONVERSION = YES;
				GCC_WARN_ABOUT_RETURN_TYPE = YES_ERROR;
				GCC_WARN_UNDECLARED_SELECTOR = YES;
				GCC_WARN_UNINITIALIZED_AUTOS = YES_AGGRESSIVE;
				GCC_WARN_UNUSED_FUNCTION = YES;
				GCC_WARN_UNUSED_VARIABLE = YES;
				IPHONEOS_DEPLOYMENT_TARGET = 8.0;
				MTL_ENABLE_DEBUG_INFO = YES;
				ONLY_ACTIVE_ARCH = YES;
				SDKROOT = iphoneos;
				TARGETED_DEVICE_FAMILY = "1,2";
			};
			name = Debug;
		};
		15B872F019D30BBD00EA408D /* Release */ = {
			isa = XCBuildConfiguration;
			buildSettings = {
				ALWAYS_SEARCH_USER_PATHS = NO;
				CLANG_CXX_LANGUAGE_STANDARD = "gnu++0x";
				CLANG_CXX_LIBRARY = "libc++";
				CLANG_ENABLE_MODULES = YES;
				CLANG_ENABLE_OBJC_ARC = YES;
				CLANG_WARN_BOOL_CONVERSION = YES;
				CLANG_WARN_CONSTANT_CONVERSION = YES;
				CLANG_WARN_DIRECT_OBJC_ISA_USAGE = YES_ERROR;
				CLANG_WARN_EMPTY_BODY = YES;
				CLANG_WARN_ENUM_CONVERSION = YES;
				CLANG_WARN_INT_CONVERSION = YES;
				CLANG_WARN_OBJC_ROOT_CLASS = YES_ERROR;
				CLANG_WARN_UNREACHABLE_CODE = YES;
				CLANG_WARN__DUPLICATE_METHOD_MATCH = YES;
				"CODE_SIGN_IDENTITY[sdk=iphoneos*]" = "iPhone Developer";
				COPY_PHASE_STRIP = YES;
				ENABLE_NS_ASSERTIONS = NO;
				ENABLE_STRICT_OBJC_MSGSEND = YES;
				GCC_C_LANGUAGE_STANDARD = gnu99;
				GCC_WARN_64_TO_32_BIT_CONVERSION = YES;
				GCC_WARN_ABOUT_RETURN_TYPE = YES_ERROR;
				GCC_WARN_UNDECLARED_SELECTOR = YES;
				GCC_WARN_UNINITIALIZED_AUTOS = YES_AGGRESSIVE;
				GCC_WARN_UNUSED_FUNCTION = YES;
				GCC_WARN_UNUSED_VARIABLE = YES;
				IPHONEOS_DEPLOYMENT_TARGET = 8.0;
				MTL_ENABLE_DEBUG_INFO = NO;
				SDKROOT = iphoneos;
				TARGETED_DEVICE_FAMILY = "1,2";
				VALIDATE_PRODUCT = YES;
			};
			name = Release;
		};
		15B872F219D30BBD00EA408D /* Debug */ = {
			isa = XCBuildConfiguration;
			buildSettings = {
				ASSETCATALOG_COMPILER_APPICON_NAME = AppIcon;
				INFOPLIST_FILE = TapWheel/Info.plist;
				LD_RUNPATH_SEARCH_PATHS = "$(inherited) @executable_path/Frameworks";
				PRODUCT_NAME = "$(TARGET_NAME)";
			};
			name = Debug;
		};
		15B872F319D30BBD00EA408D /* Release */ = {
			isa = XCBuildConfiguration;
			buildSettings = {
				ASSETCATALOG_COMPILER_APPICON_NAME = AppIcon;
				INFOPLIST_FILE = TapWheel/Info.plist;
				LD_RUNPATH_SEARCH_PATHS = "$(inherited) @executable_path/Frameworks";
				PRODUCT_NAME = "$(TARGET_NAME)";
			};
			name = Release;
		};
		15B872F519D30BBD00EA408D /* Debug */ = {
			isa = XCBuildConfiguration;
			buildSettings = {
				BUNDLE_LOADER = "$(TEST_HOST)";
				FRAMEWORK_SEARCH_PATHS = (
					"$(SDKROOT)/Developer/Library/Frameworks",
					"$(inherited)",
				);
				GCC_PREPROCESSOR_DEFINITIONS = (
					"DEBUG=1",
					"$(inherited)",
				);
				INFOPLIST_FILE = TapWheelTests/Info.plist;
				LD_RUNPATH_SEARCH_PATHS = "$(inherited) @executable_path/Frameworks @loader_path/Frameworks";
				PRODUCT_NAME = "$(TARGET_NAME)";
				TEST_HOST = "$(BUILT_PRODUCTS_DIR)/TapWheel.app/TapWheel";
			};
			name = Debug;
		};
		15B872F619D30BBD00EA408D /* Release */ = {
			isa = XCBuildConfiguration;
			buildSettings = {
				BUNDLE_LOADER = "$(TEST_HOST)";
				FRAMEWORK_SEARCH_PATHS = (
					"$(SDKROOT)/Developer/Library/Frameworks",
					"$(inherited)",
				);
				INFOPLIST_FILE = TapWheelTests/Info.plist;
				LD_RUNPATH_SEARCH_PATHS = "$(inherited) @executable_path/Frameworks @loader_path/Frameworks";
				PRODUCT_NAME = "$(TARGET_NAME)";
				TEST_HOST = "$(BUILT_PRODUCTS_DIR)/TapWheel.app/TapWheel";
			};
			name = Release;
		};
/* End XCBuildConfiguration section */

/* Begin XCConfigurationList section */
		15B872C919D30BBD00EA408D /* Build configuration list for PBXProject "TapWheel" */ = {
			isa = XCConfigurationList;
			buildConfigurations = (
				15B872EF19D30BBD00EA408D /* Debug */,
				15B872F019D30BBD00EA408D /* Release */,
			);
			defaultConfigurationIsVisible = 0;
			defaultConfigurationName = Release;
		};
		15B872F119D30BBD00EA408D /* Build configuration list for PBXNativeTarget "TapWheel" */ = {
			isa = XCConfigurationList;
			buildConfigurations = (
				15B872F219D30BBD00EA408D /* Debug */,
				15B872F319D30BBD00EA408D /* Release */,
			);
			defaultConfigurationIsVisible = 0;
			defaultConfigurationName = Release;
		};
		15B872F419D30BBD00EA408D /* Build configuration list for PBXNativeTarget "TapWheelTests" */ = {
			isa = XCConfigurationList;
			buildConfigurations = (
				15B872F519D30BBD00EA408D /* Debug */,
				15B872F619D30BBD00EA408D /* Release */,
			);
			defaultConfigurationIsVisible = 0;
			defaultConfigurationName = Release;
		};
/* End XCConfigurationList section */
	};
	rootObject = 15B872C619D30BBD00EA408D /* Project object */;
}
